
Microsoft Visual Studio Solution File, Format Version 12.00
# Visual Studio Version 16
VisualStudioVersion = 16.0.29306.81
MinimumVisualStudioVersion = 10.0.40219.1
Project("{FAE04EC0-301F-11D3-BF4B-00C04F79EFBC}") = "BIDSDispX.UWP", "BIDSDispX\BIDSDispX.UWP\BIDSDispX.UWP.csproj", "{9115FC57-F5DB-4710-B506-EBAFCE7218E4}"
EndProject
Project("{FAE04EC0-301F-11D3-BF4B-00C04F79EFBC}") = "BIDSDispX.Android", "BIDSDispX\BIDSDispX.Android\BIDSDispX.Android.csproj", "{5D0A8969-FE03-4212-9A09-42A3D197D729}"
EndProject
Project("{9A19103F-16F7-4668-BE54-9A1E7A4F7556}") = "BIDSDispX", "BIDSDispX\BIDSDispX\BIDSDispX.csproj", "{7E9D4CA0-D37F-4B56-A9A2-B629C9AA4F1B}"
EndProject
Project("{9A19103F-16F7-4668-BE54-9A1E7A4F7556}") = "BIDSsv.communication", "..\BIDS_Server\BIDSsv.communication\BIDSsv.communication.csproj", "{3C4A6E59-2BB1-4299-B6EA-A5842F1AECBD}"
EndProject
Project("{9A19103F-16F7-4668-BE54-9A1E7A4F7556}") = "BIDSsv", "..\BIDS_Server\BIDSsv\BIDSsv.csproj", "{73EB712D-DFAC-409F-B7D6-94421BD0656E}"
EndProject
Project("{9A19103F-16F7-4668-BE54-9A1E7A4F7556}") = "IBIDSDispX", "IBIDSDispX\IBIDSDispX.csproj", "{847F19E6-D92E-47BE-A468-A50F70B20491}"
EndProject
Project("{9A19103F-16F7-4668-BE54-9A1E7A4F7556}") = "BIDSDispX.Core", "BIDSDispX.Core\BIDSDispX.Core.csproj", "{6A85E288-5EF2-45D2-916C-FF642C3125A4}"
EndProject
Project("{9A19103F-16F7-4668-BE54-9A1E7A4F7556}") = "BIDSSMemLib.rw", "..\BIDSSMemLib\BIDSSMemLib.rw\BIDSSMemLib.rw.csproj", "{5407909F-27FC-4358-AD4A-AC995DD62C12}"
EndProject
Project("{9A19103F-16F7-4668-BE54-9A1E7A4F7556}") = "SPDisp", "SPDisp\SPDisp.csproj", "{44E1A831-D287-4945-ACDA-17685D67832E}"
EndProject
Project("{9A19103F-16F7-4668-BE54-9A1E7A4F7556}") = "BIDSSMemLib.structs", "..\BIDSSMemLib\BIDSSMemLib.structs\BIDSSMemLib.structs.csproj", "{38D7D58E-641D-4FF2-B98B-A13106B39636}"
EndProject
Project("{9A19103F-16F7-4668-BE54-9A1E7A4F7556}") = "BIDSDispX.ModTemp", "BIDSDispX.ModTemp\BIDSDispX.ModTemp.csproj", "{3B52D20E-7BF8-40C4-A963-8E74F44C6201}"
EndProject
Project("{9A19103F-16F7-4668-BE54-9A1E7A4F7556}") = "BIDSSMemLib.CtrlIOcs", "..\BIDSSMemLib\BIDSSMemLib.CtrlIOcs\BIDSSMemLib.CtrlIOcs.csproj", "{CD59170B-AF27-42FE-989B-E40A17D476E3}"
EndProject
Project("{9A19103F-16F7-4668-BE54-9A1E7A4F7556}") = "IBIDSsv", "..\BIDS_Server\IBIDSsv\IBIDSsv.csproj", "{BF70C1AD-A47F-4C5E-8EC9-FF6110F36CBF}"
EndProject
Project("{2150E333-8FDC-42A3-9474-1A3956D46DE8}") = "Libs", "Libs", "{CE9DCE95-B175-4C51-974D-926728F80560}"
EndProject
Project("{2150E333-8FDC-42A3-9474-1A3956D46DE8}") = "mods", "mods", "{EEB55AF2-CE5C-4D3D-BD54-2D172916BD6C}"
EndProject
Project("{FAE04EC0-301F-11D3-BF4B-00C04F79EFBC}") = "BIDSDispX.WPF", "BIDSDispX.WPF\BIDSDispX.WPF.csproj", "{96534446-E0DA-41CE-B725-7B8672A7CF5F}"
EndProject
Project("{FAE04EC0-301F-11D3-BF4B-00C04F79EFBC}") = "BIDSDispX.GTK", "BIDSDispX.GTK\BIDSDispX.GTK.csproj", "{DD415482-6221-4A7E-BB65-D890932422C9}"
EndProject
Global
	GlobalSection(SolutionConfigurationPlatforms) = preSolution
		Debug|Any CPU = Debug|Any CPU
		Debug|ARM = Debug|ARM
		Debug|x64 = Debug|x64
		Debug|x86 = Debug|x86
		Release|Any CPU = Release|Any CPU
		Release|ARM = Release|ARM
		Release|x64 = Release|x64
		Release|x86 = Release|x86
	EndGlobalSection
	GlobalSection(ProjectConfigurationPlatforms) = postSolution
		{9115FC57-F5DB-4710-B506-EBAFCE7218E4}.Debug|Any CPU.ActiveCfg = Debug|x86
		{9115FC57-F5DB-4710-B506-EBAFCE7218E4}.Debug|Any CPU.Build.0 = Debug|x86
		{9115FC57-F5DB-4710-B506-EBAFCE7218E4}.Debug|Any CPU.Deploy.0 = Debug|x86
		{9115FC57-F5DB-4710-B506-EBAFCE7218E4}.Debug|ARM.ActiveCfg = Debug|ARM
		{9115FC57-F5DB-4710-B506-EBAFCE7218E4}.Debug|ARM.Build.0 = Debug|ARM
		{9115FC57-F5DB-4710-B506-EBAFCE7218E4}.Debug|ARM.Deploy.0 = Debug|ARM
		{9115FC57-F5DB-4710-B506-EBAFCE7218E4}.Debug|x64.ActiveCfg = Debug|x64
		{9115FC57-F5DB-4710-B506-EBAFCE7218E4}.Debug|x64.Build.0 = Debug|x64
		{9115FC57-F5DB-4710-B506-EBAFCE7218E4}.Debug|x64.Deploy.0 = Debug|x64
		{9115FC57-F5DB-4710-B506-EBAFCE7218E4}.Debug|x86.ActiveCfg = Debug|x86
		{9115FC57-F5DB-4710-B506-EBAFCE7218E4}.Debug|x86.Build.0 = Debug|x86
		{9115FC57-F5DB-4710-B506-EBAFCE7218E4}.Debug|x86.Deploy.0 = Debug|x86
		{9115FC57-F5DB-4710-B506-EBAFCE7218E4}.Release|Any CPU.ActiveCfg = Release|x86
		{9115FC57-F5DB-4710-B506-EBAFCE7218E4}.Release|Any CPU.Build.0 = Release|x86
		{9115FC57-F5DB-4710-B506-EBAFCE7218E4}.Release|Any CPU.Deploy.0 = Release|x86
		{9115FC57-F5DB-4710-B506-EBAFCE7218E4}.Release|ARM.ActiveCfg = Release|ARM
		{9115FC57-F5DB-4710-B506-EBAFCE7218E4}.Release|ARM.Build.0 = Release|ARM
		{9115FC57-F5DB-4710-B506-EBAFCE7218E4}.Release|ARM.Deploy.0 = Release|ARM
		{9115FC57-F5DB-4710-B506-EBAFCE7218E4}.Release|x64.ActiveCfg = Release|x64
		{9115FC57-F5DB-4710-B506-EBAFCE7218E4}.Release|x64.Build.0 = Release|x64
		{9115FC57-F5DB-4710-B506-EBAFCE7218E4}.Release|x64.Deploy.0 = Release|x64
		{9115FC57-F5DB-4710-B506-EBAFCE7218E4}.Release|x86.ActiveCfg = Release|x86
		{9115FC57-F5DB-4710-B506-EBAFCE7218E4}.Release|x86.Build.0 = Release|x86
		{9115FC57-F5DB-4710-B506-EBAFCE7218E4}.Release|x86.Deploy.0 = Release|x86
		{5D0A8969-FE03-4212-9A09-42A3D197D729}.Debug|Any CPU.ActiveCfg = Debug|Any CPU
		{5D0A8969-FE03-4212-9A09-42A3D197D729}.Debug|Any CPU.Build.0 = Debug|Any CPU
		{5D0A8969-FE03-4212-9A09-42A3D197D729}.Debug|Any CPU.Deploy.0 = Debug|Any CPU
		{5D0A8969-FE03-4212-9A09-42A3D197D729}.Debug|ARM.ActiveCfg = Debug|Any CPU
		{5D0A8969-FE03-4212-9A09-42A3D197D729}.Debug|ARM.Build.0 = Debug|Any CPU
		{5D0A8969-FE03-4212-9A09-42A3D197D729}.Debug|ARM.Deploy.0 = Debug|Any CPU
		{5D0A8969-FE03-4212-9A09-42A3D197D729}.Debug|x64.ActiveCfg = Debug|Any CPU
		{5D0A8969-FE03-4212-9A09-42A3D197D729}.Debug|x64.Build.0 = Debug|Any CPU
		{5D0A8969-FE03-4212-9A09-42A3D197D729}.Debug|x64.Deploy.0 = Debug|Any CPU
		{5D0A8969-FE03-4212-9A09-42A3D197D729}.Debug|x86.ActiveCfg = Debug|Any CPU
		{5D0A8969-FE03-4212-9A09-42A3D197D729}.Debug|x86.Build.0 = Debug|Any CPU
		{5D0A8969-FE03-4212-9A09-42A3D197D729}.Debug|x86.Deploy.0 = Debug|Any CPU
		{5D0A8969-FE03-4212-9A09-42A3D197D729}.Release|Any CPU.ActiveCfg = Release|Any CPU
		{5D0A8969-FE03-4212-9A09-42A3D197D729}.Release|Any CPU.Build.0 = Release|Any CPU
		{5D0A8969-FE03-4212-9A09-42A3D197D729}.Release|Any CPU.Deploy.0 = Release|Any CPU
		{5D0A8969-FE03-4212-9A09-42A3D197D729}.Release|ARM.ActiveCfg = Release|Any CPU
		{5D0A8969-FE03-4212-9A09-42A3D197D729}.Release|ARM.Build.0 = Release|Any CPU
		{5D0A8969-FE03-4212-9A09-42A3D197D729}.Release|ARM.Deploy.0 = Release|Any CPU
		{5D0A8969-FE03-4212-9A09-42A3D197D729}.Release|x64.ActiveCfg = Release|Any CPU
		{5D0A8969-FE03-4212-9A09-42A3D197D729}.Release|x64.Build.0 = Release|Any CPU
		{5D0A8969-FE03-4212-9A09-42A3D197D729}.Release|x64.Deploy.0 = Release|Any CPU
		{5D0A8969-FE03-4212-9A09-42A3D197D729}.Release|x86.ActiveCfg = Release|Any CPU
		{5D0A8969-FE03-4212-9A09-42A3D197D729}.Release|x86.Build.0 = Release|Any CPU
		{5D0A8969-FE03-4212-9A09-42A3D197D729}.Release|x86.Deploy.0 = Release|Any CPU
		{7E9D4CA0-D37F-4B56-A9A2-B629C9AA4F1B}.Debug|Any CPU.ActiveCfg = Debug|Any CPU
		{7E9D4CA0-D37F-4B56-A9A2-B629C9AA4F1B}.Debug|Any CPU.Build.0 = Debug|Any CPU
		{7E9D4CA0-D37F-4B56-A9A2-B629C9AA4F1B}.Debug|Any CPU.Deploy.0 = Debug|Any CPU
		{7E9D4CA0-D37F-4B56-A9A2-B629C9AA4F1B}.Debug|ARM.ActiveCfg = Debug|Any CPU
		{7E9D4CA0-D37F-4B56-A9A2-B629C9AA4F1B}.Debug|ARM.Build.0 = Debug|Any CPU
		{7E9D4CA0-D37F-4B56-A9A2-B629C9AA4F1B}.Debug|ARM.Deploy.0 = Debug|Any CPU
		{7E9D4CA0-D37F-4B56-A9A2-B629C9AA4F1B}.Debug|x64.ActiveCfg = Debug|Any CPU
		{7E9D4CA0-D37F-4B56-A9A2-B629C9AA4F1B}.Debug|x64.Build.0 = Debug|Any CPU
		{7E9D4CA0-D37F-4B56-A9A2-B629C9AA4F1B}.Debug|x64.Deploy.0 = Debug|Any CPU
		{7E9D4CA0-D37F-4B56-A9A2-B629C9AA4F1B}.Debug|x86.ActiveCfg = Debug|Any CPU
		{7E9D4CA0-D37F-4B56-A9A2-B629C9AA4F1B}.Debug|x86.Build.0 = Debug|Any CPU
		{7E9D4CA0-D37F-4B56-A9A2-B629C9AA4F1B}.Debug|x86.Deploy.0 = Debug|Any CPU
		{7E9D4CA0-D37F-4B56-A9A2-B629C9AA4F1B}.Release|Any CPU.ActiveCfg = Release|Any CPU
		{7E9D4CA0-D37F-4B56-A9A2-B629C9AA4F1B}.Release|Any CPU.Build.0 = Release|Any CPU
		{7E9D4CA0-D37F-4B56-A9A2-B629C9AA4F1B}.Release|Any CPU.Deploy.0 = Release|Any CPU
		{7E9D4CA0-D37F-4B56-A9A2-B629C9AA4F1B}.Release|ARM.ActiveCfg = Release|Any CPU
		{7E9D4CA0-D37F-4B56-A9A2-B629C9AA4F1B}.Release|ARM.Build.0 = Release|Any CPU
		{7E9D4CA0-D37F-4B56-A9A2-B629C9AA4F1B}.Release|ARM.Deploy.0 = Release|Any CPU
		{7E9D4CA0-D37F-4B56-A9A2-B629C9AA4F1B}.Release|x64.ActiveCfg = Release|Any CPU
		{7E9D4CA0-D37F-4B56-A9A2-B629C9AA4F1B}.Release|x64.Build.0 = Release|Any CPU
		{7E9D4CA0-D37F-4B56-A9A2-B629C9AA4F1B}.Release|x64.Deploy.0 = Release|Any CPU
		{7E9D4CA0-D37F-4B56-A9A2-B629C9AA4F1B}.Release|x86.ActiveCfg = Release|Any CPU
		{7E9D4CA0-D37F-4B56-A9A2-B629C9AA4F1B}.Release|x86.Build.0 = Release|Any CPU
		{7E9D4CA0-D37F-4B56-A9A2-B629C9AA4F1B}.Release|x86.Deploy.0 = Release|Any CPU
		{3C4A6E59-2BB1-4299-B6EA-A5842F1AECBD}.Debug|Any CPU.ActiveCfg = Debug|Any CPU
		{3C4A6E59-2BB1-4299-B6EA-A5842F1AECBD}.Debug|Any CPU.Build.0 = Debug|Any CPU
		{3C4A6E59-2BB1-4299-B6EA-A5842F1AECBD}.Debug|ARM.ActiveCfg = Debug|Any CPU
		{3C4A6E59-2BB1-4299-B6EA-A5842F1AECBD}.Debug|ARM.Build.0 = Debug|Any CPU
		{3C4A6E59-2BB1-4299-B6EA-A5842F1AECBD}.Debug|x64.ActiveCfg = Debug|Any CPU
		{3C4A6E59-2BB1-4299-B6EA-A5842F1AECBD}.Debug|x64.Build.0 = Debug|Any CPU
		{3C4A6E59-2BB1-4299-B6EA-A5842F1AECBD}.Debug|x86.ActiveCfg = Debug|Any CPU
		{3C4A6E59-2BB1-4299-B6EA-A5842F1AECBD}.Debug|x86.Build.0 = Debug|Any CPU
		{3C4A6E59-2BB1-4299-B6EA-A5842F1AECBD}.Release|Any CPU.ActiveCfg = Release|Any CPU
		{3C4A6E59-2BB1-4299-B6EA-A5842F1AECBD}.Release|Any CPU.Build.0 = Release|Any CPU
		{3C4A6E59-2BB1-4299-B6EA-A5842F1AECBD}.Release|ARM.ActiveCfg = Release|Any CPU
		{3C4A6E59-2BB1-4299-B6EA-A5842F1AECBD}.Release|ARM.Build.0 = Release|Any CPU
		{3C4A6E59-2BB1-4299-B6EA-A5842F1AECBD}.Release|x64.ActiveCfg = Release|Any CPU
		{3C4A6E59-2BB1-4299-B6EA-A5842F1AECBD}.Release|x64.Build.0 = Release|Any CPU
		{3C4A6E59-2BB1-4299-B6EA-A5842F1AECBD}.Release|x86.ActiveCfg = Release|Any CPU
		{3C4A6E59-2BB1-4299-B6EA-A5842F1AECBD}.Release|x86.Build.0 = Release|Any CPU
		{73EB712D-DFAC-409F-B7D6-94421BD0656E}.Debug|Any CPU.ActiveCfg = Debug|Any CPU
		{73EB712D-DFAC-409F-B7D6-94421BD0656E}.Debug|Any CPU.Build.0 = Debug|Any CPU
		{73EB712D-DFAC-409F-B7D6-94421BD0656E}.Debug|ARM.ActiveCfg = Debug|Any CPU
		{73EB712D-DFAC-409F-B7D6-94421BD0656E}.Debug|ARM.Build.0 = Debug|Any CPU
		{73EB712D-DFAC-409F-B7D6-94421BD0656E}.Debug|x64.ActiveCfg = Debug|Any CPU
		{73EB712D-DFAC-409F-B7D6-94421BD0656E}.Debug|x64.Build.0 = Debug|Any CPU
		{73EB712D-DFAC-409F-B7D6-94421BD0656E}.Debug|x86.ActiveCfg = Debug|Any CPU
		{73EB712D-DFAC-409F-B7D6-94421BD0656E}.Debug|x86.Build.0 = Debug|Any CPU
		{73EB712D-DFAC-409F-B7D6-94421BD0656E}.Release|Any CPU.ActiveCfg = Release|Any CPU
		{73EB712D-DFAC-409F-B7D6-94421BD0656E}.Release|Any CPU.Build.0 = Release|Any CPU
		{73EB712D-DFAC-409F-B7D6-94421BD0656E}.Release|ARM.ActiveCfg = Release|Any CPU
		{73EB712D-DFAC-409F-B7D6-94421BD0656E}.Release|ARM.Build.0 = Release|Any CPU
		{73EB712D-DFAC-409F-B7D6-94421BD0656E}.Release|x64.ActiveCfg = Release|Any CPU
		{73EB712D-DFAC-409F-B7D6-94421BD0656E}.Release|x64.Build.0 = Release|Any CPU
		{73EB712D-DFAC-409F-B7D6-94421BD0656E}.Release|x86.ActiveCfg = Release|Any CPU
		{73EB712D-DFAC-409F-B7D6-94421BD0656E}.Release|x86.Build.0 = Release|Any CPU
		{847F19E6-D92E-47BE-A468-A50F70B20491}.Debug|Any CPU.ActiveCfg = Debug|Any CPU
		{847F19E6-D92E-47BE-A468-A50F70B20491}.Debug|Any CPU.Build.0 = Debug|Any CPU
		{847F19E6-D92E-47BE-A468-A50F70B20491}.Debug|ARM.ActiveCfg = Debug|Any CPU
		{847F19E6-D92E-47BE-A468-A50F70B20491}.Debug|ARM.Build.0 = Debug|Any CPU
		{847F19E6-D92E-47BE-A468-A50F70B20491}.Debug|x64.ActiveCfg = Debug|Any CPU
		{847F19E6-D92E-47BE-A468-A50F70B20491}.Debug|x64.Build.0 = Debug|Any CPU
		{847F19E6-D92E-47BE-A468-A50F70B20491}.Debug|x86.ActiveCfg = Debug|Any CPU
		{847F19E6-D92E-47BE-A468-A50F70B20491}.Debug|x86.Build.0 = Debug|Any CPU
		{847F19E6-D92E-47BE-A468-A50F70B20491}.Release|Any CPU.ActiveCfg = Release|Any CPU
		{847F19E6-D92E-47BE-A468-A50F70B20491}.Release|Any CPU.Build.0 = Release|Any CPU
		{847F19E6-D92E-47BE-A468-A50F70B20491}.Release|ARM.ActiveCfg = Release|Any CPU
		{847F19E6-D92E-47BE-A468-A50F70B20491}.Release|ARM.Build.0 = Release|Any CPU
		{847F19E6-D92E-47BE-A468-A50F70B20491}.Release|x64.ActiveCfg = Release|Any CPU
		{847F19E6-D92E-47BE-A468-A50F70B20491}.Release|x64.Build.0 = Release|Any CPU
		{847F19E6-D92E-47BE-A468-A50F70B20491}.Release|x86.ActiveCfg = Release|Any CPU
		{847F19E6-D92E-47BE-A468-A50F70B20491}.Release|x86.Build.0 = Release|Any CPU
		{6A85E288-5EF2-45D2-916C-FF642C3125A4}.Debug|Any CPU.ActiveCfg = Debug|Any CPU
		{6A85E288-5EF2-45D2-916C-FF642C3125A4}.Debug|Any CPU.Build.0 = Debug|Any CPU
		{6A85E288-5EF2-45D2-916C-FF642C3125A4}.Debug|ARM.ActiveCfg = Debug|Any CPU
		{6A85E288-5EF2-45D2-916C-FF642C3125A4}.Debug|ARM.Build.0 = Debug|Any CPU
		{6A85E288-5EF2-45D2-916C-FF642C3125A4}.Debug|x64.ActiveCfg = Debug|Any CPU
		{6A85E288-5EF2-45D2-916C-FF642C3125A4}.Debug|x64.Build.0 = Debug|Any CPU
		{6A85E288-5EF2-45D2-916C-FF642C3125A4}.Debug|x86.ActiveCfg = Debug|Any CPU
		{6A85E288-5EF2-45D2-916C-FF642C3125A4}.Debug|x86.Build.0 = Debug|Any CPU
		{6A85E288-5EF2-45D2-916C-FF642C3125A4}.Release|Any CPU.ActiveCfg = Release|Any CPU
		{6A85E288-5EF2-45D2-916C-FF642C3125A4}.Release|Any CPU.Build.0 = Release|Any CPU
		{6A85E288-5EF2-45D2-916C-FF642C3125A4}.Release|ARM.ActiveCfg = Release|Any CPU
		{6A85E288-5EF2-45D2-916C-FF642C3125A4}.Release|ARM.Build.0 = Release|Any CPU
		{6A85E288-5EF2-45D2-916C-FF642C3125A4}.Release|x64.ActiveCfg = Release|Any CPU
		{6A85E288-5EF2-45D2-916C-FF642C3125A4}.Release|x64.Build.0 = Release|Any CPU
		{6A85E288-5EF2-45D2-916C-FF642C3125A4}.Release|x86.ActiveCfg = Release|Any CPU
		{6A85E288-5EF2-45D2-916C-FF642C3125A4}.Release|x86.Build.0 = Release|Any CPU
		{5407909F-27FC-4358-AD4A-AC995DD62C12}.Debug|Any CPU.ActiveCfg = Debug|Any CPU
		{5407909F-27FC-4358-AD4A-AC995DD62C12}.Debug|Any CPU.Build.0 = Debug|Any CPU
		{5407909F-27FC-4358-AD4A-AC995DD62C12}.Debug|ARM.ActiveCfg = Debug|Any CPU
		{5407909F-27FC-4358-AD4A-AC995DD62C12}.Debug|ARM.Build.0 = Debug|Any CPU
		{5407909F-27FC-4358-AD4A-AC995DD62C12}.Debug|x64.ActiveCfg = Debug|Any CPU
		{5407909F-27FC-4358-AD4A-AC995DD62C12}.Debug|x64.Build.0 = Debug|Any CPU
		{5407909F-27FC-4358-AD4A-AC995DD62C12}.Debug|x86.ActiveCfg = Debug|Any CPU
		{5407909F-27FC-4358-AD4A-AC995DD62C12}.Debug|x86.Build.0 = Debug|Any CPU
		{5407909F-27FC-4358-AD4A-AC995DD62C12}.Release|Any CPU.ActiveCfg = Release|Any CPU
		{5407909F-27FC-4358-AD4A-AC995DD62C12}.Release|Any CPU.Build.0 = Release|Any CPU
		{5407909F-27FC-4358-AD4A-AC995DD62C12}.Release|ARM.ActiveCfg = Release|Any CPU
		{5407909F-27FC-4358-AD4A-AC995DD62C12}.Release|ARM.Build.0 = Release|Any CPU
		{5407909F-27FC-4358-AD4A-AC995DD62C12}.Release|x64.ActiveCfg = Release|Any CPU
		{5407909F-27FC-4358-AD4A-AC995DD62C12}.Release|x64.Build.0 = Release|Any CPU
		{5407909F-27FC-4358-AD4A-AC995DD62C12}.Release|x86.ActiveCfg = Release|Any CPU
		{5407909F-27FC-4358-AD4A-AC995DD62C12}.Release|x86.Build.0 = Release|Any CPU
		{44E1A831-D287-4945-ACDA-17685D67832E}.Debug|Any CPU.ActiveCfg = Debug|Any CPU
		{44E1A831-D287-4945-ACDA-17685D67832E}.Debug|Any CPU.Build.0 = Debug|Any CPU
		{44E1A831-D287-4945-ACDA-17685D67832E}.Debug|ARM.ActiveCfg = Debug|Any CPU
		{44E1A831-D287-4945-ACDA-17685D67832E}.Debug|ARM.Build.0 = Debug|Any CPU
		{44E1A831-D287-4945-ACDA-17685D67832E}.Debug|x64.ActiveCfg = Debug|Any CPU
		{44E1A831-D287-4945-ACDA-17685D67832E}.Debug|x64.Build.0 = Debug|Any CPU
		{44E1A831-D287-4945-ACDA-17685D67832E}.Debug|x86.ActiveCfg = Debug|Any CPU
		{44E1A831-D287-4945-ACDA-17685D67832E}.Debug|x86.Build.0 = Debug|Any CPU
		{44E1A831-D287-4945-ACDA-17685D67832E}.Release|Any CPU.ActiveCfg = Release|Any CPU
		{44E1A831-D287-4945-ACDA-17685D67832E}.Release|Any CPU.Build.0 = Release|Any CPU
		{44E1A831-D287-4945-ACDA-17685D67832E}.Release|ARM.ActiveCfg = Release|Any CPU
		{44E1A831-D287-4945-ACDA-17685D67832E}.Release|ARM.Build.0 = Release|Any CPU
		{44E1A831-D287-4945-ACDA-17685D67832E}.Release|x64.ActiveCfg = Release|Any CPU
		{44E1A831-D287-4945-ACDA-17685D67832E}.Release|x64.Build.0 = Release|Any CPU
		{44E1A831-D287-4945-ACDA-17685D67832E}.Release|x86.ActiveCfg = Release|Any CPU
		{44E1A831-D287-4945-ACDA-17685D67832E}.Release|x86.Build.0 = Release|Any CPU
		{38D7D58E-641D-4FF2-B98B-A13106B39636}.Debug|Any CPU.ActiveCfg = Debug|Any CPU
		{38D7D58E-641D-4FF2-B98B-A13106B39636}.Debug|Any CPU.Build.0 = Debug|Any CPU
		{38D7D58E-641D-4FF2-B98B-A13106B39636}.Debug|ARM.ActiveCfg = Debug|Any CPU
		{38D7D58E-641D-4FF2-B98B-A13106B39636}.Debug|ARM.Build.0 = Debug|Any CPU
		{38D7D58E-641D-4FF2-B98B-A13106B39636}.Debug|x64.ActiveCfg = Debug|Any CPU
		{38D7D58E-641D-4FF2-B98B-A13106B39636}.Debug|x64.Build.0 = Debug|Any CPU
		{38D7D58E-641D-4FF2-B98B-A13106B39636}.Debug|x86.ActiveCfg = Debug|Any CPU
		{38D7D58E-641D-4FF2-B98B-A13106B39636}.Debug|x86.Build.0 = Debug|Any CPU
		{38D7D58E-641D-4FF2-B98B-A13106B39636}.Release|Any CPU.ActiveCfg = Release|Any CPU
		{38D7D58E-641D-4FF2-B98B-A13106B39636}.Release|Any CPU.Build.0 = Release|Any CPU
		{38D7D58E-641D-4FF2-B98B-A13106B39636}.Release|ARM.ActiveCfg = Release|Any CPU
		{38D7D58E-641D-4FF2-B98B-A13106B39636}.Release|ARM.Build.0 = Release|Any CPU
		{38D7D58E-641D-4FF2-B98B-A13106B39636}.Release|x64.ActiveCfg = Release|Any CPU
		{38D7D58E-641D-4FF2-B98B-A13106B39636}.Release|x64.Build.0 = Release|Any CPU
		{38D7D58E-641D-4FF2-B98B-A13106B39636}.Release|x86.ActiveCfg = Release|Any CPU
		{38D7D58E-641D-4FF2-B98B-A13106B39636}.Release|x86.Build.0 = Release|Any CPU
		{3B52D20E-7BF8-40C4-A963-8E74F44C6201}.Debug|Any CPU.ActiveCfg = Debug|Any CPU
		{3B52D20E-7BF8-40C4-A963-8E74F44C6201}.Debug|Any CPU.Build.0 = Debug|Any CPU
		{3B52D20E-7BF8-40C4-A963-8E74F44C6201}.Debug|ARM.ActiveCfg = Debug|Any CPU
		{3B52D20E-7BF8-40C4-A963-8E74F44C6201}.Debug|ARM.Build.0 = Debug|Any CPU
		{3B52D20E-7BF8-40C4-A963-8E74F44C6201}.Debug|x64.ActiveCfg = Debug|Any CPU
		{3B52D20E-7BF8-40C4-A963-8E74F44C6201}.Debug|x64.Build.0 = Debug|Any CPU
		{3B52D20E-7BF8-40C4-A963-8E74F44C6201}.Debug|x86.ActiveCfg = Debug|Any CPU
		{3B52D20E-7BF8-40C4-A963-8E74F44C6201}.Debug|x86.Build.0 = Debug|Any CPU
		{3B52D20E-7BF8-40C4-A963-8E74F44C6201}.Release|Any CPU.ActiveCfg = Release|Any CPU
		{3B52D20E-7BF8-40C4-A963-8E74F44C6201}.Release|Any CPU.Build.0 = Release|Any CPU
		{3B52D20E-7BF8-40C4-A963-8E74F44C6201}.Release|ARM.ActiveCfg = Release|Any CPU
		{3B52D20E-7BF8-40C4-A963-8E74F44C6201}.Release|ARM.Build.0 = Release|Any CPU
		{3B52D20E-7BF8-40C4-A963-8E74F44C6201}.Release|x64.ActiveCfg = Release|Any CPU
		{3B52D20E-7BF8-40C4-A963-8E74F44C6201}.Release|x64.Build.0 = Release|Any CPU
		{3B52D20E-7BF8-40C4-A963-8E74F44C6201}.Release|x86.ActiveCfg = Release|Any CPU
		{3B52D20E-7BF8-40C4-A963-8E74F44C6201}.Release|x86.Build.0 = Release|Any CPU
		{CD59170B-AF27-42FE-989B-E40A17D476E3}.Debug|Any CPU.ActiveCfg = Debug|Any CPU
		{CD59170B-AF27-42FE-989B-E40A17D476E3}.Debug|Any CPU.Build.0 = Debug|Any CPU
		{CD59170B-AF27-42FE-989B-E40A17D476E3}.Debug|ARM.ActiveCfg = Debug|Any CPU
		{CD59170B-AF27-42FE-989B-E40A17D476E3}.Debug|ARM.Build.0 = Debug|Any CPU
		{CD59170B-AF27-42FE-989B-E40A17D476E3}.Debug|x64.ActiveCfg = Debug|Any CPU
		{CD59170B-AF27-42FE-989B-E40A17D476E3}.Debug|x64.Build.0 = Debug|Any CPU
		{CD59170B-AF27-42FE-989B-E40A17D476E3}.Debug|x86.ActiveCfg = Debug|Any CPU
		{CD59170B-AF27-42FE-989B-E40A17D476E3}.Debug|x86.Build.0 = Debug|Any CPU
		{CD59170B-AF27-42FE-989B-E40A17D476E3}.Release|Any CPU.ActiveCfg = Release|Any CPU
		{CD59170B-AF27-42FE-989B-E40A17D476E3}.Release|Any CPU.Build.0 = Release|Any CPU
		{CD59170B-AF27-42FE-989B-E40A17D476E3}.Release|ARM.ActiveCfg = Release|Any CPU
		{CD59170B-AF27-42FE-989B-E40A17D476E3}.Release|ARM.Build.0 = Release|Any CPU
		{CD59170B-AF27-42FE-989B-E40A17D476E3}.Release|x64.ActiveCfg = Release|Any CPU
		{CD59170B-AF27-42FE-989B-E40A17D476E3}.Release|x64.Build.0 = Release|Any CPU
		{CD59170B-AF27-42FE-989B-E40A17D476E3}.Release|x86.ActiveCfg = Release|Any CPU
		{CD59170B-AF27-42FE-989B-E40A17D476E3}.Release|x86.Build.0 = Release|Any CPU
		{BF70C1AD-A47F-4C5E-8EC9-FF6110F36CBF}.Debug|Any CPU.ActiveCfg = Debug|Any CPU
		{BF70C1AD-A47F-4C5E-8EC9-FF6110F36CBF}.Debug|Any CPU.Build.0 = Debug|Any CPU
		{BF70C1AD-A47F-4C5E-8EC9-FF6110F36CBF}.Debug|ARM.ActiveCfg = Debug|Any CPU
		{BF70C1AD-A47F-4C5E-8EC9-FF6110F36CBF}.Debug|ARM.Build.0 = Debug|Any CPU
		{BF70C1AD-A47F-4C5E-8EC9-FF6110F36CBF}.Debug|x64.ActiveCfg = Debug|Any CPU
		{BF70C1AD-A47F-4C5E-8EC9-FF6110F36CBF}.Debug|x64.Build.0 = Debug|Any CPU
		{BF70C1AD-A47F-4C5E-8EC9-FF6110F36CBF}.Debug|x86.ActiveCfg = Debug|Any CPU
		{BF70C1AD-A47F-4C5E-8EC9-FF6110F36CBF}.Debug|x86.Build.0 = Debug|Any CPU
		{BF70C1AD-A47F-4C5E-8EC9-FF6110F36CBF}.Release|Any CPU.ActiveCfg = Release|Any CPU
		{BF70C1AD-A47F-4C5E-8EC9-FF6110F36CBF}.Release|Any CPU.Build.0 = Release|Any CPU
		{BF70C1AD-A47F-4C5E-8EC9-FF6110F36CBF}.Release|ARM.ActiveCfg = Release|Any CPU
		{BF70C1AD-A47F-4C5E-8EC9-FF6110F36CBF}.Release|ARM.Build.0 = Release|Any CPU
		{BF70C1AD-A47F-4C5E-8EC9-FF6110F36CBF}.Release|x64.ActiveCfg = Release|Any CPU
		{BF70C1AD-A47F-4C5E-8EC9-FF6110F36CBF}.Release|x64.Build.0 = Release|Any CPU
		{BF70C1AD-A47F-4C5E-8EC9-FF6110F36CBF}.Release|x86.ActiveCfg = Release|Any CPU
		{BF70C1AD-A47F-4C5E-8EC9-FF6110F36CBF}.Release|x86.Build.0 = Release|Any CPU
		{96534446-E0DA-41CE-B725-7B8672A7CF5F}.Debug|Any CPU.ActiveCfg = Debug|Any CPU
		{96534446-E0DA-41CE-B725-7B8672A7CF5F}.Debug|Any CPU.Build.0 = Debug|Any CPU
		{96534446-E0DA-41CE-B725-7B8672A7CF5F}.Debug|ARM.ActiveCfg = Debug|Any CPU
		{96534446-E0DA-41CE-B725-7B8672A7CF5F}.Debug|ARM.Build.0 = Debug|Any CPU
		{96534446-E0DA-41CE-B725-7B8672A7CF5F}.Debug|x64.ActiveCfg = Debug|Any CPU
		{96534446-E0DA-41CE-B725-7B8672A7CF5F}.Debug|x64.Build.0 = Debug|Any CPU
		{96534446-E0DA-41CE-B725-7B8672A7CF5F}.Debug|x86.ActiveCfg = Debug|Any CPU
		{96534446-E0DA-41CE-B725-7B8672A7CF5F}.Debug|x86.Build.0 = Debug|Any CPU
		{96534446-E0DA-41CE-B725-7B8672A7CF5F}.Release|Any CPU.ActiveCfg = Release|Any CPU
		{96534446-E0DA-41CE-B725-7B8672A7CF5F}.Release|Any CPU.Build.0 = Release|Any CPU
		{96534446-E0DA-41CE-B725-7B8672A7CF5F}.Release|ARM.ActiveCfg = Release|Any CPU
		{96534446-E0DA-41CE-B725-7B8672A7CF5F}.Release|ARM.Build.0 = Release|Any CPU
		{96534446-E0DA-41CE-B725-7B8672A7CF5F}.Release|x64.ActiveCfg = Release|Any CPU
		{96534446-E0DA-41CE-B725-7B8672A7CF5F}.Release|x64.Build.0 = Release|Any CPU
		{96534446-E0DA-41CE-B725-7B8672A7CF5F}.Release|x86.ActiveCfg = Release|Any CPU
		{96534446-E0DA-41CE-B725-7B8672A7CF5F}.Release|x86.Build.0 = Release|Any CPU
		{DD415482-6221-4A7E-BB65-D890932422C9}.Debug|Any CPU.ActiveCfg = Debug|Any CPU
		{DD415482-6221-4A7E-BB65-D890932422C9}.Debug|Any CPU.Build.0 = Debug|Any CPU
		{DD415482-6221-4A7E-BB65-D890932422C9}.Debug|ARM.ActiveCfg = Debug|Any CPU
		{DD415482-6221-4A7E-BB65-D890932422C9}.Debug|ARM.Build.0 = Debug|Any CPU
		{DD415482-6221-4A7E-BB65-D890932422C9}.Debug|x64.ActiveCfg = Debug|Any CPU
		{DD415482-6221-4A7E-BB65-D890932422C9}.Debug|x64.Build.0 = Debug|Any CPU
		{DD415482-6221-4A7E-BB65-D890932422C9}.Debug|x86.ActiveCfg = Debug|Any CPU
		{DD415482-6221-4A7E-BB65-D890932422C9}.Debug|x86.Build.0 = Debug|Any CPU
		{DD415482-6221-4A7E-BB65-D890932422C9}.Release|Any CPU.ActiveCfg = Release|Any CPU
		{DD415482-6221-4A7E-BB65-D890932422C9}.Release|Any CPU.Build.0 = Release|Any CPU
		{DD415482-6221-4A7E-BB65-D890932422C9}.Release|ARM.ActiveCfg = Release|Any CPU
		{DD415482-6221-4A7E-BB65-D890932422C9}.Release|ARM.Build.0 = Release|Any CPU
		{DD415482-6221-4A7E-BB65-D890932422C9}.Release|x64.ActiveCfg = Release|Any CPU
		{DD415482-6221-4A7E-BB65-D890932422C9}.Release|x64.Build.0 = Release|Any CPU
		{DD415482-6221-4A7E-BB65-D890932422C9}.Release|x86.ActiveCfg = Release|Any CPU
		{DD415482-6221-4A7E-BB65-D890932422C9}.Release|x86.Build.0 = Release|Any CPU
	EndGlobalSection
	GlobalSection(SolutionProperties) = preSolution
		HideSolutionNode = FALSE
	EndGlobalSection
	GlobalSection(NestedProjects) = preSolution
		{3C4A6E59-2BB1-4299-B6EA-A5842F1AECBD} = {CE9DCE95-B175-4C51-974D-926728F80560}
		{73EB712D-DFAC-409F-B7D6-94421BD0656E} = {CE9DCE95-B175-4C51-974D-926728F80560}
		{5407909F-27FC-4358-AD4A-AC995DD62C12} = {CE9DCE95-B175-4C51-974D-926728F80560}
		{44E1A831-D287-4945-ACDA-17685D67832E} = {EEB55AF2-CE5C-4D3D-BD54-2D172916BD6C}
		{38D7D58E-641D-4FF2-B98B-A13106B39636} = {CE9DCE95-B175-4C51-974D-926728F80560}
		{3B52D20E-7BF8-40C4-A963-8E74F44C6201} = {EEB55AF2-CE5C-4D3D-BD54-2D172916BD6C}
		{CD59170B-AF27-42FE-989B-E40A17D476E3} = {CE9DCE95-B175-4C51-974D-926728F80560}
		{BF70C1AD-A47F-4C5E-8EC9-FF6110F36CBF} = {CE9DCE95-B175-4C51-974D-926728F80560}
	EndGlobalSection
	GlobalSection(ExtensibilityGlobals) = postSolution
		SolutionGuid = {2F710F32-D432-4E0A-A455-4D0BC0CCF38C}
	EndGlobalSection
EndGlobal
